
Microsoft Visual Studio Solution File, Format Version 12.00
# Visual Studio 15
VisualStudioVersion = 15.0.28307.271
MinimumVisualStudioVersion = 10.0.40219.1
Project("{FAE04EC0-301F-11D3-BF4B-00C04F79EFBC}") = "Proyecto1BD_MicroSQL", "Proyecto1BD_MicroSQL\Proyecto1BD_MicroSQL.csproj", "{027C00B1-A955-4FA9-8B53-0498E055268D}"
EndProject
Project("{FAE04EC0-301F-11D3-BF4B-00C04F79EFBC}") = "ClassLibraryTrees", "ClassLibraryTrees\ClassLibraryTrees.csproj", "{D48C6D83-2221-4EAA-AA36-58A69FE3DF99}"
EndProject
Global
	GlobalSection(SolutionConfigurationPlatforms) = preSolution
		Debug|Any CPU = Debug|Any CPU
		Release|Any CPU = Release|Any CPU
	EndGlobalSection
	GlobalSection(ProjectConfigurationPlatforms) = postSolution
		{027C00B1-A955-4FA9-8B53-0498E055268D}.Debug|Any CPU.ActiveCfg = Debug|Any CPU
		{027C00B1-A955-4FA9-8B53-0498E055268D}.Debug|Any CPU.Build.0 = Debug|Any CPU
		{027C00B1-A955-4FA9-8B53-0498E055268D}.Release|Any CPU.ActiveCfg = Release|Any CPU
		{027C00B1-A955-4FA9-8B53-0498E055268D}.Release|Any CPU.Build.0 = Release|Any CPU
		{D48C6D83-2221-4EAA-AA36-58A69FE3DF99}.Debug|Any CPU.ActiveCfg = Debug|Any CPU
		{D48C6D83-2221-4EAA-AA36-58A69FE3DF99}.Debug|Any CPU.Build.0 = Debug|Any CPU
		{D48C6D83-2221-4EAA-AA36-58A69FE3DF99}.Release|Any CPU.ActiveCfg = Release|Any CPU
		{D48C6D83-2221-4EAA-AA36-58A69FE3DF99}.Release|Any CPU.Build.0 = Release|Any CPU
	EndGlobalSection
	GlobalSection(SolutionProperties) = preSolution
		HideSolutionNode = FALSE
	EndGlobalSection
	GlobalSection(ExtensibilityGlobals) = postSolution
		SolutionGuid = {4C3596FE-DC83-4291-8941-BE41D2173E41}
	EndGlobalSection
EndGlobal
